
Microsoft Visual Studio Solution File, Format Version 12.00
# Visual Studio Version 17
VisualStudioVersion = 17.10.35013.160
MinimumVisualStudioVersion = 10.0.40219.1
Project("{2150E333-8FDC-42A3-9474-1A3956D46DE8}") = "src", "src", "{DC24AD5A-7532-4F1B-807B-FDB789E52847}"
EndProject
Project("{2150E333-8FDC-42A3-9474-1A3956D46DE8}") = "BackEnd", "BackEnd", "{686C7199-2817-4D13-A1D0-C1DA4E32D21E}"
EndProject
Project("{2150E333-8FDC-42A3-9474-1A3956D46DE8}") = "FrontEnd", "FrontEnd", "{238CD2AB-B20B-4A88-94DF-DFA2372EF62C}"
EndProject
Project("{2150E333-8FDC-42A3-9474-1A3956D46DE8}") = "Common", "Common", "{D9B0D5FE-6FC4-4FD4-B51D-88B4AAF92F54}"
EndProject
Project("{2150E333-8FDC-42A3-9474-1A3956D46DE8}") = "Infraestructure", "Infraestructure", "{340CE79B-01A2-458E-8A1C-8F1938E2600D}"
EndProject
Project("{FAE04EC0-301F-11D3-BF4B-00C04F79EFBC}") = "Shop.Common.Data", "Shop.Common.Data\Shop.Common.Data.csproj", "{A45E74B6-F15A-4D00-8B6B-F1FC63E706CD}"
EndProject
Project("{FAE04EC0-301F-11D3-BF4B-00C04F79EFBC}") = "Shop.Infraestructure", "Shop.Infraestructure\Shop.Infraestructure.csproj", "{88FB8655-7321-4D32-85C4-B4DDA9CD38A4}"
EndProject
Project("{2150E333-8FDC-42A3-9474-1A3956D46DE8}") = "Modules", "Modules", "{06D75946-4895-42B4-83AF-61D975B95511}"
EndProject
Project("{2150E333-8FDC-42A3-9474-1A3956D46DE8}") = "OrderDetails Management", "OrderDetails Management", "{FD74CD88-766F-49EF-826D-C6ADB6184648}"
EndProject
Project("{2150E333-8FDC-42A3-9474-1A3956D46DE8}") = "Products Management", "Products Management", "{D823AC14-2C71-4569-950D-11F6D0EB9E8F}"
EndProject
Project("{2150E333-8FDC-42A3-9474-1A3956D46DE8}") = "Apis", "Apis", "{40050A1F-0A46-474A-B4D6-EF21C0C58960}"
EndProject
Project("{2150E333-8FDC-42A3-9474-1A3956D46DE8}") = "Application", "Application", "{5893DCE6-C1D6-480E-8184-41C298086100}"
EndProject
Project("{2150E333-8FDC-42A3-9474-1A3956D46DE8}") = "Domain", "Domain", "{1B1E1FEC-4189-42F8-B41E-D5F89ABFD53D}"
EndProject
Project("{2150E333-8FDC-42A3-9474-1A3956D46DE8}") = "Persistence", "Persistence", "{7C0E2324-0A81-45CC-B425-9513AB8FD5C3}"
EndProject
Project("{FAE04EC0-301F-11D3-BF4B-00C04F79EFBC}") = "Shop.OrderDetails.Application", "Shop.OrderDetails.Application\Shop.OrderDetails.Application.csproj", "{F78914A2-8459-4D01-8437-E76970FD65DC}"
EndProject
Project("{FAE04EC0-301F-11D3-BF4B-00C04F79EFBC}") = "Shop.OrderDetails.Domain", "Shop.OrderDetails.Domain\Shop.OrderDetails.Domain.csproj", "{FA890CF4-22AC-4548-A209-E3F99FE5E491}"
EndProject
Project("{FAE04EC0-301F-11D3-BF4B-00C04F79EFBC}") = "Shop.OrderDetails.Persistence", "Shop.OrderDetails.Persistance\Shop.OrderDetails.Persistence.csproj", "{3D3A2A88-04D0-4CD0-89F0-8598E63100E6}"
EndProject
Project("{FAE04EC0-301F-11D3-BF4B-00C04F79EFBC}") = "Shop.OrderDetails.Api", "Shop.OrderDetails.Api\Shop.OrderDetails.Api.csproj", "{43344EB2-59A9-4B1C-A507-5C58368155B9}"
EndProject
Project("{2150E333-8FDC-42A3-9474-1A3956D46DE8}") = "Apis", "Apis", "{77F2C139-7EE4-4959-9CDE-80508D497D3C}"
EndProject
Project("{2150E333-8FDC-42A3-9474-1A3956D46DE8}") = "Application", "Application", "{776143D1-3591-4750-B592-6AFF03705F0A}"
EndProject
Project("{2150E333-8FDC-42A3-9474-1A3956D46DE8}") = "Domain", "Domain", "{02D90A5E-B6A3-4C07-8397-838B86F6B9DF}"
EndProject
Project("{2150E333-8FDC-42A3-9474-1A3956D46DE8}") = "Persistence", "Persistence", "{84659722-1CA5-41C0-B438-D95EA3FA61FA}"
EndProject
Project("{FAE04EC0-301F-11D3-BF4B-00C04F79EFBC}") = "Shop.Products.Api", "Shop.Products.Api\Shop.Products.Api.csproj", "{842018F0-17B0-4009-9E92-8EDAD6AF4C76}"
EndProject
Project("{FAE04EC0-301F-11D3-BF4B-00C04F79EFBC}") = "Shop.Products.Application", "Shop.Products.Application\Shop.Products.Application.csproj", "{65BDC283-09CE-47A3-962F-6A07F3361410}"
EndProject
Project("{FAE04EC0-301F-11D3-BF4B-00C04F79EFBC}") = "Shop.Products.Domain", "Shop.Products.Domain\Shop.Products.Domain.csproj", "{C1652A65-FC9A-46E5-8B73-94688726B80D}"
EndProject
Project("{FAE04EC0-301F-11D3-BF4B-00C04F79EFBC}") = "Shop.Products.Persistence", "Shop.Products.Persistence\Shop.Products.Persistence.csproj", "{817736D9-CEE2-447C-BCC7-B594EF5FEDB8}"
EndProject
Project("{FAE04EC0-301F-11D3-BF4B-00C04F79EFBC}") = "Shop.Web", "Shop.Web\Shop.Web.csproj", "{10CB46C4-0652-4ACB-B656-4DE1FF804283}"
EndProject
Global
	GlobalSection(SolutionConfigurationPlatforms) = preSolution
		Debug|Any CPU = Debug|Any CPU
		Release|Any CPU = Release|Any CPU
	EndGlobalSection
	GlobalSection(ProjectConfigurationPlatforms) = postSolution
		{A45E74B6-F15A-4D00-8B6B-F1FC63E706CD}.Debug|Any CPU.ActiveCfg = Debug|Any CPU
		{A45E74B6-F15A-4D00-8B6B-F1FC63E706CD}.Debug|Any CPU.Build.0 = Debug|Any CPU
		{A45E74B6-F15A-4D00-8B6B-F1FC63E706CD}.Release|Any CPU.ActiveCfg = Release|Any CPU
		{A45E74B6-F15A-4D00-8B6B-F1FC63E706CD}.Release|Any CPU.Build.0 = Release|Any CPU
		{88FB8655-7321-4D32-85C4-B4DDA9CD38A4}.Debug|Any CPU.ActiveCfg = Debug|Any CPU
		{88FB8655-7321-4D32-85C4-B4DDA9CD38A4}.Debug|Any CPU.Build.0 = Debug|Any CPU
		{88FB8655-7321-4D32-85C4-B4DDA9CD38A4}.Release|Any CPU.ActiveCfg = Release|Any CPU
		{88FB8655-7321-4D32-85C4-B4DDA9CD38A4}.Release|Any CPU.Build.0 = Release|Any CPU
		{F78914A2-8459-4D01-8437-E76970FD65DC}.Debug|Any CPU.ActiveCfg = Debug|Any CPU
		{F78914A2-8459-4D01-8437-E76970FD65DC}.Debug|Any CPU.Build.0 = Debug|Any CPU
		{F78914A2-8459-4D01-8437-E76970FD65DC}.Release|Any CPU.ActiveCfg = Release|Any CPU
		{F78914A2-8459-4D01-8437-E76970FD65DC}.Release|Any CPU.Build.0 = Release|Any CPU
		{FA890CF4-22AC-4548-A209-E3F99FE5E491}.Debug|Any CPU.ActiveCfg = Debug|Any CPU
		{FA890CF4-22AC-4548-A209-E3F99FE5E491}.Debug|Any CPU.Build.0 = Debug|Any CPU
		{FA890CF4-22AC-4548-A209-E3F99FE5E491}.Release|Any CPU.ActiveCfg = Release|Any CPU
		{FA890CF4-22AC-4548-A209-E3F99FE5E491}.Release|Any CPU.Build.0 = Release|Any CPU
		{3D3A2A88-04D0-4CD0-89F0-8598E63100E6}.Debug|Any CPU.ActiveCfg = Debug|Any CPU
		{3D3A2A88-04D0-4CD0-89F0-8598E63100E6}.Debug|Any CPU.Build.0 = Debug|Any CPU
		{3D3A2A88-04D0-4CD0-89F0-8598E63100E6}.Release|Any CPU.ActiveCfg = Release|Any CPU
		{3D3A2A88-04D0-4CD0-89F0-8598E63100E6}.Release|Any CPU.Build.0 = Release|Any CPU
		{43344EB2-59A9-4B1C-A507-5C58368155B9}.Debug|Any CPU.ActiveCfg = Debug|Any CPU
		{43344EB2-59A9-4B1C-A507-5C58368155B9}.Debug|Any CPU.Build.0 = Debug|Any CPU
		{43344EB2-59A9-4B1C-A507-5C58368155B9}.Release|Any CPU.ActiveCfg = Release|Any CPU
		{43344EB2-59A9-4B1C-A507-5C58368155B9}.Release|Any CPU.Build.0 = Release|Any CPU
		{842018F0-17B0-4009-9E92-8EDAD6AF4C76}.Debug|Any CPU.ActiveCfg = Debug|Any CPU
		{842018F0-17B0-4009-9E92-8EDAD6AF4C76}.Debug|Any CPU.Build.0 = Debug|Any CPU
		{842018F0-17B0-4009-9E92-8EDAD6AF4C76}.Release|Any CPU.ActiveCfg = Release|Any CPU
		{842018F0-17B0-4009-9E92-8EDAD6AF4C76}.Release|Any CPU.Build.0 = Release|Any CPU
		{65BDC283-09CE-47A3-962F-6A07F3361410}.Debug|Any CPU.ActiveCfg = Debug|Any CPU
		{65BDC283-09CE-47A3-962F-6A07F3361410}.Debug|Any CPU.Build.0 = Debug|Any CPU
		{65BDC283-09CE-47A3-962F-6A07F3361410}.Release|Any CPU.ActiveCfg = Release|Any CPU
		{65BDC283-09CE-47A3-962F-6A07F3361410}.Release|Any CPU.Build.0 = Release|Any CPU
		{C1652A65-FC9A-46E5-8B73-94688726B80D}.Debug|Any CPU.ActiveCfg = Debug|Any CPU
		{C1652A65-FC9A-46E5-8B73-94688726B80D}.Debug|Any CPU.Build.0 = Debug|Any CPU
		{C1652A65-FC9A-46E5-8B73-94688726B80D}.Release|Any CPU.ActiveCfg = Release|Any CPU
		{C1652A65-FC9A-46E5-8B73-94688726B80D}.Release|Any CPU.Build.0 = Release|Any CPU
		{817736D9-CEE2-447C-BCC7-B594EF5FEDB8}.Debug|Any CPU.ActiveCfg = Debug|Any CPU
		{817736D9-CEE2-447C-BCC7-B594EF5FEDB8}.Debug|Any CPU.Build.0 = Debug|Any CPU
		{817736D9-CEE2-447C-BCC7-B594EF5FEDB8}.Release|Any CPU.ActiveCfg = Release|Any CPU
		{817736D9-CEE2-447C-BCC7-B594EF5FEDB8}.Release|Any CPU.Build.0 = Release|Any CPU
		{10CB46C4-0652-4ACB-B656-4DE1FF804283}.Debug|Any CPU.ActiveCfg = Debug|Any CPU
		{10CB46C4-0652-4ACB-B656-4DE1FF804283}.Debug|Any CPU.Build.0 = Debug|Any CPU
		{10CB46C4-0652-4ACB-B656-4DE1FF804283}.Release|Any CPU.ActiveCfg = Release|Any CPU
		{10CB46C4-0652-4ACB-B656-4DE1FF804283}.Release|Any CPU.Build.0 = Release|Any CPU
	EndGlobalSection
	GlobalSection(SolutionProperties) = preSolution
		HideSolutionNode = FALSE
	EndGlobalSection
	GlobalSection(NestedProjects) = preSolution
		{686C7199-2817-4D13-A1D0-C1DA4E32D21E} = {DC24AD5A-7532-4F1B-807B-FDB789E52847}
		{238CD2AB-B20B-4A88-94DF-DFA2372EF62C} = {DC24AD5A-7532-4F1B-807B-FDB789E52847}
		{D9B0D5FE-6FC4-4FD4-B51D-88B4AAF92F54} = {686C7199-2817-4D13-A1D0-C1DA4E32D21E}
		{340CE79B-01A2-458E-8A1C-8F1938E2600D} = {686C7199-2817-4D13-A1D0-C1DA4E32D21E}
		{A45E74B6-F15A-4D00-8B6B-F1FC63E706CD} = {D9B0D5FE-6FC4-4FD4-B51D-88B4AAF92F54}
		{88FB8655-7321-4D32-85C4-B4DDA9CD38A4} = {340CE79B-01A2-458E-8A1C-8F1938E2600D}
		{06D75946-4895-42B4-83AF-61D975B95511} = {686C7199-2817-4D13-A1D0-C1DA4E32D21E}
		{FD74CD88-766F-49EF-826D-C6ADB6184648} = {06D75946-4895-42B4-83AF-61D975B95511}
		{D823AC14-2C71-4569-950D-11F6D0EB9E8F} = {06D75946-4895-42B4-83AF-61D975B95511}
		{40050A1F-0A46-474A-B4D6-EF21C0C58960} = {FD74CD88-766F-49EF-826D-C6ADB6184648}
		{5893DCE6-C1D6-480E-8184-41C298086100} = {FD74CD88-766F-49EF-826D-C6ADB6184648}
		{1B1E1FEC-4189-42F8-B41E-D5F89ABFD53D} = {FD74CD88-766F-49EF-826D-C6ADB6184648}
		{7C0E2324-0A81-45CC-B425-9513AB8FD5C3} = {FD74CD88-766F-49EF-826D-C6ADB6184648}
		{F78914A2-8459-4D01-8437-E76970FD65DC} = {5893DCE6-C1D6-480E-8184-41C298086100}
		{FA890CF4-22AC-4548-A209-E3F99FE5E491} = {1B1E1FEC-4189-42F8-B41E-D5F89ABFD53D}
		{3D3A2A88-04D0-4CD0-89F0-8598E63100E6} = {7C0E2324-0A81-45CC-B425-9513AB8FD5C3}
		{43344EB2-59A9-4B1C-A507-5C58368155B9} = {40050A1F-0A46-474A-B4D6-EF21C0C58960}
		{77F2C139-7EE4-4959-9CDE-80508D497D3C} = {D823AC14-2C71-4569-950D-11F6D0EB9E8F}
		{776143D1-3591-4750-B592-6AFF03705F0A} = {D823AC14-2C71-4569-950D-11F6D0EB9E8F}
		{02D90A5E-B6A3-4C07-8397-838B86F6B9DF} = {D823AC14-2C71-4569-950D-11F6D0EB9E8F}
		{84659722-1CA5-41C0-B438-D95EA3FA61FA} = {D823AC14-2C71-4569-950D-11F6D0EB9E8F}
		{842018F0-17B0-4009-9E92-8EDAD6AF4C76} = {77F2C139-7EE4-4959-9CDE-80508D497D3C}
		{65BDC283-09CE-47A3-962F-6A07F3361410} = {776143D1-3591-4750-B592-6AFF03705F0A}
		{C1652A65-FC9A-46E5-8B73-94688726B80D} = {02D90A5E-B6A3-4C07-8397-838B86F6B9DF}
		{817736D9-CEE2-447C-BCC7-B594EF5FEDB8} = {84659722-1CA5-41C0-B438-D95EA3FA61FA}
		{10CB46C4-0652-4ACB-B656-4DE1FF804283} = {238CD2AB-B20B-4A88-94DF-DFA2372EF62C}
	EndGlobalSection
	GlobalSection(ExtensibilityGlobals) = postSolution
		SolutionGuid = {6F80EE53-F849-40E0-BFF4-6788B78920FD}
	EndGlobalSection
EndGlobal
